// !$*UTF8*$!
{
	archiveVersion = 1;
	classes = {
	};
	objectVersion = 46;
	objects = {

/* Begin PBXBuildFile section */
		5DCF968A1A6FDDB50091F78F /* AppDelegate.swift in Sources */ = {isa = PBXBuildFile; fileRef = 5DCF96891A6FDDB50091F78F /* AppDelegate.swift */; };
		5DCF968C1A6FDDB50091F78F /* ViewController.swift in Sources */ = {isa = PBXBuildFile; fileRef = 5DCF968B1A6FDDB50091F78F /* ViewController.swift */; };
		5DCF968F1A6FDDB50091F78F /* Main.storyboard in Resources */ = {isa = PBXBuildFile; fileRef = 5DCF968D1A6FDDB50091F78F /* Main.storyboard */; };
		5DCF96911A6FDDB50091F78F /* Images.xcassets in Resources */ = {isa = PBXBuildFile; fileRef = 5DCF96901A6FDDB50091F78F /* Images.xcassets */; };
		5DCF96941A6FDDB50091F78F /* LaunchScreen.xib in Resources */ = {isa = PBXBuildFile; fileRef = 5DCF96921A6FDDB50091F78F /* LaunchScreen.xib */; };
		5DCF96A01A6FDDB50091F78F /* beehybridTests.swift in Sources */ = {isa = PBXBuildFile; fileRef = 5DCF969F1A6FDDB50091F78F /* beehybridTests.swift */; };
/* End PBXBuildFile section */

/* Begin PBXContainerItemProxy section */
		5DCF969A1A6FDDB50091F78F /* PBXContainerItemProxy */ = {
			isa = PBXContainerItemProxy;
			containerPortal = 5DCF967C1A6FDDB50091F78F /* Project object */;
			proxyType = 1;
			remoteGlobalIDString = 5DCF96831A6FDDB50091F78F;
			remoteInfo = beehybrid;
		};
/* End PBXContainerItemProxy section */

/* Begin PBXFileReference section */
		5DCF96841A6FDDB50091F78F /* beehybrid.app */ = {isa = PBXFileReference; explicitFileType = wrapper.application; includeInIndex = 0; path = beehybrid.app; sourceTree = BUILT_PRODUCTS_DIR; };
		5DCF96881A6FDDB50091F78F /* Info.plist */ = {isa = PBXFileReference; lastKnownFileType = text.plist.xml; path = Info.plist; sourceTree = "<group>"; };
		5DCF96891A6FDDB50091F78F /* AppDelegate.swift */ = {isa = PBXFileReference; lastKnownFileType = sourcecode.swift; path = AppDelegate.swift; sourceTree = "<group>"; };
		5DCF968B1A6FDDB50091F78F /* ViewController.swift */ = {isa = PBXFileReference; lastKnownFileType = sourcecode.swift; path = ViewController.swift; sourceTree = "<group>"; };
		5DCF968E1A6FDDB50091F78F /* Base */ = {isa = PBXFileReference; lastKnownFileType = file.storyboard; name = Base; path = Base.lproj/Main.storyboard; sourceTree = "<group>"; };
		5DCF96901A6FDDB50091F78F /* Images.xcassets */ = {isa = PBXFileReference; lastKnownFileType = folder.assetcatalog; path = Images.xcassets; sourceTree = "<group>"; };
		5DCF96931A6FDDB50091F78F /* Base */ = {isa = PBXFileReference; lastKnownFileType = file.xib; name = Base; path = Base.lproj/LaunchScreen.xib; sourceTree = "<group>"; };
		5DCF96991A6FDDB50091F78F /* beehybridTests.xctest */ = {isa = PBXFileReference; explicitFileType = wrapper.cfbundle; includeInIndex = 0; path = beehybridTests.xctest; sourceTree = BUILT_PRODUCTS_DIR; };
		5DCF969E1A6FDDB50091F78F /* Info.plist */ = {isa = PBXFileReference; lastKnownFileType = text.plist.xml; path = Info.plist; sourceTree = "<group>"; };
		5DCF969F1A6FDDB50091F78F /* beehybridTests.swift */ = {isa = PBXFileReference; lastKnownFileType = sourcecode.swift; path = beehybridTests.swift; sourceTree = "<group>"; };
/* End PBXFileReference section */

/* Begin PBXFrameworksBuildPhase section */
		5DCF96811A6FDDB50091F78F /* Frameworks */ = {
			isa = PBXFrameworksBuildPhase;
			buildActionMask = 2147483647;
			files = (
			);
			runOnlyForDeploymentPostprocessing = 0;
		};
		5DCF96961A6FDDB50091F78F /* Frameworks */ = {
			isa = PBXFrameworksBuildPhase;
			buildActionMask = 2147483647;
			files = (
			);
			runOnlyForDeploymentPostprocessing = 0;
		};
/* End PBXFrameworksBuildPhase section */

/* Begin PBXGroup section */
		5DCF967B1A6FDDB50091F78F = {
			isa = PBXGroup;
			children = (
				5DCF96861A6FDDB50091F78F /* beehybrid */,
				5DCF969C1A6FDDB50091F78F /* beehybridTests */,
				5DCF96851A6FDDB50091F78F /* Products */,
			);
			sourceTree = "<group>";
		};
		5DCF96851A6FDDB50091F78F /* Products */ = {
			isa = PBXGroup;
			children = (
				5DCF96841A6FDDB50091F78F /* beehybrid.app */,
				5DCF96991A6FDDB50091F78F /* beehybridTests.xctest */,
			);
			name = Products;
			sourceTree = "<group>";
		};
		5DCF96861A6FDDB50091F78F /* beehybrid */ = {
			isa = PBXGroup;
			children = (
				5DCF96891A6FDDB50091F78F /* AppDelegate.swift */,
				5DCF968B1A6FDDB50091F78F /* ViewController.swift */,
				5DCF968D1A6FDDB50091F78F /* Main.storyboard */,
				5DCF96901A6FDDB50091F78F /* Images.xcassets */,
				5DCF96921A6FDDB50091F78F /* LaunchScreen.xib */,
				5DCF96871A6FDDB50091F78F /* Supporting Files */,
			);
			path = beehybrid;
			sourceTree = "<group>";
		};
		5DCF96871A6FDDB50091F78F /* Supporting Files */ = {
			isa = PBXGroup;
			children = (
				5DCF96881A6FDDB50091F78F /* Info.plist */,
			);
			name = "Supporting Files";
			sourceTree = "<group>";
		};
		5DCF969C1A6FDDB50091F78F /* beehybridTests */ = {
			isa = PBXGroup;
			children = (
				5DCF969F1A6FDDB50091F78F /* beehybridTests.swift */,
				5DCF969D1A6FDDB50091F78F /* Supporting Files */,
			);
			path = beehybridTests;
			sourceTree = "<group>";
		};
		5DCF969D1A6FDDB50091F78F /* Supporting Files */ = {
			isa = PBXGroup;
			children = (
				5DCF969E1A6FDDB50091F78F /* Info.plist */,
			);
			name = "Supporting Files";
			sourceTree = "<group>";
		};
/* End PBXGroup section */

/* Begin PBXNativeTarget section */
		5DCF96831A6FDDB50091F78F /* beehybrid */ = {
			isa = PBXNativeTarget;
			buildConfigurationList = 5DCF96A31A6FDDB50091F78F /* Build configuration list for PBXNativeTarget "beehybrid" */;
			buildPhases = (
				5DCF96801A6FDDB50091F78F /* Sources */,
				5DCF96811A6FDDB50091F78F /* Frameworks */,
				5DCF96821A6FDDB50091F78F /* Resources */,
			);
			buildRules = (
			);
			dependencies = (
			);
			name = beehybrid;
			productName = beehybrid;
			productReference = 5DCF96841A6FDDB50091F78F /* beehybrid.app */;
			productType = "com.apple.product-type.application";
		};
		5DCF96981A6FDDB50091F78F /* beehybridTests */ = {
			isa = PBXNativeTarget;
			buildConfigurationList = 5DCF96A61A6FDDB50091F78F /* Build configuration list for PBXNativeTarget "beehybridTests" */;
			buildPhases = (
				5DCF96951A6FDDB50091F78F /* Sources */,
				5DCF96961A6FDDB50091F78F /* Frameworks */,
				5DCF96971A6FDDB50091F78F /* Resources */,
			);
			buildRules = (
			);
			dependencies = (
				5DCF969B1A6FDDB50091F78F /* PBXTargetDependency */,
			);
			name = beehybridTests;
			productName = beehybridTests;
			productReference = 5DCF96991A6FDDB50091F78F /* beehybridTests.xctest */;
			productType = "com.apple.product-type.bundle.unit-test";
		};
/* End PBXNativeTarget section */

/* Begin PBXProject section */
		5DCF967C1A6FDDB50091F78F /* Project object */ = {
			isa = PBXProject;
			attributes = {
				LastUpgradeCheck = 0610;
				ORGANIZATIONNAME = Dayyoung;
				TargetAttributes = {
					5DCF96831A6FDDB50091F78F = {
						CreatedOnToolsVersion = 6.1.1;
					};
					5DCF96981A6FDDB50091F78F = {
						CreatedOnToolsVersion = 6.1.1;
						TestTargetID = 5DCF96831A6FDDB50091F78F;
					};
				};
			};
			buildConfigurationList = 5DCF967F1A6FDDB50091F78F /* Build configuration list for PBXProject "beehybrid" */;
			compatibilityVersion = "Xcode 3.2";
			developmentRegion = English;
			hasScannedForEncodings = 0;
			knownRegions = (
				en,
				Base,
			);
			mainGroup = 5DCF967B1A6FDDB50091F78F;
			productRefGroup = 5DCF96851A6FDDB50091F78F /* Products */;
			projectDirPath = "";
			projectRoot = "";
			targets = (
				5DCF96831A6FDDB50091F78F /* beehybrid */,
				5DCF96981A6FDDB50091F78F /* beehybridTests */,
			);
		};
/* End PBXProject section */

/* Begin PBXResourcesBuildPhase section */
		5DCF96821A6FDDB50091F78F /* Resources */ = {
			isa = PBXResourcesBuildPhase;
			buildActionMask = 2147483647;
			files = (
				5DCF968F1A6FDDB50091F78F /* Main.storyboard in Resources */,
				5DCF96941A6FDDB50091F78F /* LaunchScreen.xib in Resources */,
				5DCF96911A6FDDB50091F78F /* Images.xcassets in Resources */,
			);
			runOnlyForDeploymentPostprocessing = 0;
		};
		5DCF96971A6FDDB50091F78F /* Resources */ = {
			isa = PBXResourcesBuildPhase;
			buildActionMask = 2147483647;
			files = (
			);
			runOnlyForDeploymentPostprocessing = 0;
		};
/* End PBXResourcesBuildPhase section */

/* Begin PBXSourcesBuildPhase section */
		5DCF96801A6FDDB50091F78F /* Sources */ = {
			isa = PBXSourcesBuildPhase;
			buildActionMask = 2147483647;
			files = (
				5DCF968C1A6FDDB50091F78F /* ViewController.swift in Sources */,
				5DCF968A1A6FDDB50091F78F /* AppDelegate.swift in Sources */,
			);
			runOnlyForDeploymentPostprocessing = 0;
		};
		5DCF96951A6FDDB50091F78F /* Sources */ = {
			isa = PBXSourcesBuildPhase;
			buildActionMask = 2147483647;
			files = (
				5DCF96A01A6FDDB50091F78F /* beehybridTests.swift in Sources */,
			);
			runOnlyForDeploymentPostprocessing = 0;
		};
/* End PBXSourcesBuildPhase section */

/* Begin PBXTargetDependency section */
		5DCF969B1A6FDDB50091F78F /* PBXTargetDependency */ = {
			isa = PBXTargetDependency;
			target = 5DCF96831A6FDDB50091F78F /* beehybrid */;
			targetProxy = 5DCF969A1A6FDDB50091F78F /* PBXContainerItemProxy */;
		};
/* End PBXTargetDependency section */

/* Begin PBXVariantGroup section */
		5DCF968D1A6FDDB50091F78F /* Main.storyboard */ = {
			isa = PBXVariantGroup;
			children = (
				5DCF968E1A6FDDB50091F78F /* Base */,
			);
			name = Main.storyboard;
			sourceTree = "<group>";
		};
		5DCF96921A6FDDB50091F78F /* LaunchScreen.xib */ = {
			isa = PBXVariantGroup;
			children = (
				5DCF96931A6FDDB50091F78F /* Base */,
			);
			name = LaunchScreen.xib;
			sourceTree = "<group>";
		};
/* End PBXVariantGroup section */

/* Begin XCBuildConfiguration section */
		5DCF96A11A6FDDB50091F78F /* Debug */ = {
			isa = XCBuildConfiguration;
			buildSettings = {
				ALWAYS_SEARCH_USER_PATHS = NO;
				CLANG_CXX_LANGUAGE_STANDARD = "gnu++0x";
				CLANG_CXX_LIBRARY = "libc++";
				CLANG_ENABLE_MODULES = YES;
				CLANG_ENABLE_OBJC_ARC = YES;
				CLANG_WARN_BOOL_CONVERSION = YES;
				CLANG_WARN_CONSTANT_CONVERSION = YES;
				CLANG_WARN_DIRECT_OBJC_ISA_USAGE = YES_ERROR;
				CLANG_WARN_EMPTY_BODY = YES;
				CLANG_WARN_ENUM_CONVERSION = YES;
				CLANG_WARN_INT_CONVERSION = YES;
				CLANG_WARN_OBJC_ROOT_CLASS = YES_ERROR;
				CLANG_WARN_UNREACHABLE_CODE = YES;
				CLANG_WARN__DUPLICATE_METHOD_MATCH = YES;
				"CODE_SIGN_IDENTITY[sdk=iphoneos*]" = "iPhone Developer";
				COPY_PHASE_STRIP = NO;
				ENABLE_STRICT_OBJC_MSGSEND = YES;
				GCC_C_LANGUAGE_STANDARD = gnu99;
				GCC_DYNAMIC_NO_PIC = NO;
				GCC_OPTIMIZATION_LEVEL = 0;
				GCC_PREPROCESSOR_DEFINITIONS = (
					"DEBUG=1",
					"$(inherited)",
				);
				GCC_SYMBOLS_PRIVATE_EXTERN = NO;
				GCC_WARN_64_TO_32_BIT_CONVERSION = YES;
				GCC_WARN_ABOUT_RETURN_TYPE = YES_ERROR;
				GCC_WARN_UNDECLARED_SELECTOR = YES;
				GCC_WARN_UNINITIALIZED_AUTOS = YES_AGGRESSIVE;
				GCC_WARN_UNUSED_FUNCTION = YES;
				GCC_WARN_UNUSED_VARIABLE = YES;
				IPHONEOS_DEPLOYMENT_TARGET = 8.1;
				MTL_ENABLE_DEBUG_INFO = YES;
				ONLY_ACTIVE_ARCH = YES;
				SDKROOT = iphoneos;
				SWIFT_OPTIMIZATION_LEVEL = "-Onone";
				TARGETED_DEVICE_FAMILY = "1,2";
			};
			name = Debug;
		};
		5DCF96A21A6FDDB50091F78F /* Release */ = {
			isa = XCBuildConfiguration;
			buildSettings = {
				ALWAYS_SEARCH_USER_PATHS = NO;
				CLANG_CXX_LANGUAGE_STANDARD = "gnu++0x";
				CLANG_CXX_LIBRARY = "libc++";
				CLANG_ENABLE_MODULES = YES;
				CLANG_ENABLE_OBJC_ARC = YES;
				CLANG_WARN_BOOL_CONVERSION = YES;
				CLANG_WARN_CONSTANT_CONVERSION = YES;
				CLANG_WARN_DIRECT_OBJC_ISA_USAGE = YES_ERROR;
				CLANG_WARN_EMPTY_BODY = YES;
				CLANG_WARN_ENUM_CONVERSION = YES;
				CLANG_WARN_INT_CONVERSION = YES;
				CLANG_WARN_OBJC_ROOT_CLASS = YES_ERROR;
				CLANG_WARN_UNREACHABLE_CODE = YES;
				CLANG_WARN__DUPLICATE_METHOD_MATCH = YES;
				"CODE_SIGN_IDENTITY[sdk=iphoneos*]" = "iPhone Developer";
				COPY_PHASE_STRIP = YES;
				ENABLE_NS_ASSERTIONS = NO;
				ENABLE_STRICT_OBJC_MSGSEND = YES;
				GCC_C_LANGUAGE_STANDARD = gnu99;
				GCC_WARN_64_TO_32_BIT_CONVERSION = YES;
				GCC_WARN_ABOUT_RETURN_TYPE = YES_ERROR;
				GCC_WARN_UNDECLARED_SELECTOR = YES;
				GCC_WARN_UNINITIALIZED_AUTOS = YES_AGGRESSIVE;
				GCC_WARN_UNUSED_FUNCTION = YES;
				GCC_WARN_UNUSED_VARIABLE = YES;
				IPHONEOS_DEPLOYMENT_TARGET = 8.1;
				MTL_ENABLE_DEBUG_INFO = NO;
				SDKROOT = iphoneos;
				TARGETED_DEVICE_FAMILY = "1,2";
				VALIDATE_PRODUCT = YES;
			};
			name = Release;
		};
		5DCF96A41A6FDDB50091F78F /* Debug */ = {
			isa = XCBuildConfiguration;
			buildSettings = {
				ASSETCATALOG_COMPILER_APPICON_NAME = AppIcon;
				INFOPLIST_FILE = beehybrid/Info.plist;
				LD_RUNPATH_SEARCH_PATHS = "$(inherited) @executable_path/Frameworks";
				PRODUCT_NAME = "$(TARGET_NAME)";
			};
			name = Debug;
		};
		5DCF96A51A6FDDB50091F78F /* Release */ = {
			isa = XCBuildConfiguration;
			buildSettings = {
				ASSETCATALOG_COMPILER_APPICON_NAME = AppIcon;
				INFOPLIST_FILE = beehybrid/Info.plist;
				LD_RUNPATH_SEARCH_PATHS = "$(inherited) @executable_path/Frameworks";
				PRODUCT_NAME = "$(TARGET_NAME)";
			};
			name = Release;
		};
		5DCF96A71A6FDDB50091F78F /* Debug */ = {
			isa = XCBuildConfiguration;
			buildSettings = {
				BUNDLE_LOADER = "$(TEST_HOST)";
				FRAMEWORK_SEARCH_PATHS = (
					"$(SDKROOT)/Developer/Library/Frameworks",
					"$(inherited)",
				);
				GCC_PREPROCESSOR_DEFINITIONS = (
					"DEBUG=1",
					"$(inherited)",
				);
				INFOPLIST_FILE = beehybridTests/Info.plist;
				LD_RUNPATH_SEARCH_PATHS = "$(inherited) @executable_path/Frameworks @loader_path/Frameworks";
				PRODUCT_NAME = "$(TARGET_NAME)";
				TEST_HOST = "$(BUILT_PRODUCTS_DIR)/beehybrid.app/beehybrid";
			};
			name = Debug;
		};
		5DCF96A81A6FDDB50091F78F /* Release */ = {
			isa = XCBuildConfiguration;
			buildSettings = {
				BUNDLE_LOADER = "$(TEST_HOST)";
				FRAMEWORK_SEARCH_PATHS = (
					"$(SDKROOT)/Developer/Library/Frameworks",
					"$(inherited)",
				);
				INFOPLIST_FILE = beehybridTests/Info.plist;
				LD_RUNPATH_SEARCH_PATHS = "$(inherited) @executable_path/Frameworks @loader_path/Frameworks";
				PRODUCT_NAME = "$(TARGET_NAME)";
				TEST_HOST = "$(BUILT_PRODUCTS_DIR)/beehybrid.app/beehybrid";
			};
			name = Release;
		};
/* End XCBuildConfiguration section */

/* Begin XCConfigurationList section */
		5DCF967F1A6FDDB50091F78F /* Build configuration list for PBXProject "beehybrid" */ = {
			isa = XCConfigurationList;
			buildConfigurations = (
				5DCF96A11A6FDDB50091F78F /* Debug */,
				5DCF96A21A6FDDB50091F78F /* Release */,
			);
			defaultConfigurationIsVisible = 0;
			defaultConfigurationName = Release;
		};
		5DCF96A31A6FDDB50091F78F /* Build configuration list for PBXNativeTarget "beehybrid" */ = {
			isa = XCConfigurationList;
			buildConfigurations = (
				5DCF96A41A6FDDB50091F78F /* Debug */,
				5DCF96A51A6FDDB50091F78F /* Release */,
			);
			defaultConfigurationIsVisible = 0;
		};
		5DCF96A61A6FDDB50091F78F /* Build configuration list for PBXNativeTarget "beehybridTests" */ = {
			isa = XCConfigurationList;
			buildConfigurations = (
				5DCF96A71A6FDDB50091F78F /* Debug */,
				5DCF96A81A6FDDB50091F78F /* Release */,
			);
			defaultConfigurationIsVisible = 0;
		};
/* End XCConfigurationList section */
	};
	rootObject = 5DCF967C1A6FDDB50091F78F /* Project object */;
}
